
Microsoft Visual Studio Solution File, Format Version 12.00
# Visual Studio Version 16
VisualStudioVersion = 16.0.32510.428
MinimumVisualStudioVersion = 10.0.40219.1
Project("{FAE04EC0-301F-11D3-BF4B-00C04F79EFBC}") = "BUS_QuanLy", "BUS_QuanLy.csproj", "{6E760606-39A5-4652-97BF-7F96EAC8CC17}"
EndProject
Global
	GlobalSection(SolutionConfigurationPlatforms) = preSolution
		Debug|Any CPU = Debug|Any CPU
		Release|Any CPU = Release|Any CPU
	EndGlobalSection
	GlobalSection(ProjectConfigurationPlatforms) = postSolution
		{6E760606-39A5-4652-97BF-7F96EAC8CC17}.Debug|Any CPU.ActiveCfg = Debug|Any CPU
		{6E760606-39A5-4652-97BF-7F96EAC8CC17}.Debug|Any CPU.Build.0 = Debug|Any CPU
		{6E760606-39A5-4652-97BF-7F96EAC8CC17}.Release|Any CPU.ActiveCfg = Release|Any CPU
		{6E760606-39A5-4652-97BF-7F96EAC8CC17}.Release|Any CPU.Build.0 = Release|Any CPU
	EndGlobalSection
	GlobalSection(SolutionProperties) = preSolution
		HideSolutionNode = FALSE
	EndGlobalSection
	GlobalSection(ExtensibilityGlobals) = postSolution
		SolutionGuid = {219E6BB5-1DC7-4195-964A-A3E89ECAD438}
	EndGlobalSection
EndGlobal
